
Microsoft Visual Studio Solution File, Format Version 12.00
# Visual Studio Version 16
VisualStudioVersion = 16.0.32126.315
MinimumVisualStudioVersion = 10.0.40219.1
Project("{FAE04EC0-301F-11D3-BF4B-00C04F79EFBC}") = "lambdatestCsharp", "lambdatestCsharp.csproj", "{409B8106-BEF2-4AD8-AC9E-9F81ECA29A2F}"
EndProject
Global
	GlobalSection(SolutionConfigurationPlatforms) = preSolution
		Debug|Any CPU = Debug|Any CPU
		Release|Any CPU = Release|Any CPU
	EndGlobalSection
	GlobalSection(ProjectConfigurationPlatforms) = postSolution
		{409B8106-BEF2-4AD8-AC9E-9F81ECA29A2F}.Debug|Any CPU.ActiveCfg = Debug|Any CPU
		{409B8106-BEF2-4AD8-AC9E-9F81ECA29A2F}.Debug|Any CPU.Build.0 = Debug|Any CPU
		{409B8106-BEF2-4AD8-AC9E-9F81ECA29A2F}.Release|Any CPU.ActiveCfg = Release|Any CPU
		{409B8106-BEF2-4AD8-AC9E-9F81ECA29A2F}.Release|Any CPU.Build.0 = Release|Any CPU
	EndGlobalSection
	GlobalSection(SolutionProperties) = preSolution
		HideSolutionNode = FALSE
	EndGlobalSection
	GlobalSection(ExtensibilityGlobals) = postSolution
		SolutionGuid = {3115318D-5784-492B-8D85-78A668C66C04}
	EndGlobalSection
EndGlobal
